{
  "requires": true,
  "lockfileVersion": 1,
  "dependencies": {
    "immer": {
      "version": "7.0.14",
      "resolved": "https://registry.npmjs.org/immer/-/immer-7.0.14.tgz",
      "integrity": "sha512-BxCs6pJwhgSEUEOZjywW7OA8DXVzfHjkBelSEl0A+nEu0+zS4cFVdNOONvt55N4WOm8Pu4xqSPYxhm1Lv2iBBA=="
    },
    "lodash": {
      "version": "4.17.20",
      "resolved": "https://registry.npmjs.org/lodash/-/lodash-4.17.20.tgz",
      "integrity": "sha512-PlhdFcillOINfeV7Ni6oF1TAEayyZBoZ8bcshTHqOYJYlrqzRK5hagpagky5o4HfCzzd1TRkXPMFq6cKk9rGmA=="
    }
  }
}
